{
  "name": "chorbo",
  "version": "1.0.0",
  "lockfileVersion": 2,
  "requires": true,
  "packages": {
    "": {
      "name": "chorbo",
      "version": "1.0.0",
      "license": "MIT",
      "dependencies": {
        "slack-block-builder": "^2.3.1"
      }
    },
    "node_modules/slack-block-builder": {
      "version": "2.3.1",
      "resolved": "https://registry.npmjs.org/slack-block-builder/-/slack-block-builder-2.3.1.tgz",
      "integrity": "sha512-6Zcn0F5GsbC9HPAvm4V2GLXsG4T2C9reuPzx8cOxUl5UDAIyIwj1O4bYSzgyMHfHIHP/F9Xjc128l6XQbLwcIg=="
    }
  },
  "dependencies": {
    "slack-block-builder": {
      "version": "2.3.1",
      "resolved": "https://registry.npmjs.org/slack-block-builder/-/slack-block-builder-2.3.1.tgz",
      "integrity": "sha512-6Zcn0F5GsbC9HPAvm4V2GLXsG4T2C9reuPzx8cOxUl5UDAIyIwj1O4bYSzgyMHfHIHP/F9Xjc128l6XQbLwcIg=="
    }
  }
}
